# This file is automatically @generated by Poetry 2.0.1 and should not be changed by hand.

[[package]]
name = "beautifulsoup4"
version = "4.11.2"
description = "Screen-scraping library"
optional = false
python-versions = ">=3.6.0"
groups = ["main"]
files = [
    {file = "beautifulsoup4-4.11.2-py3-none-any.whl", hash = "sha256:0e79446b10b3ecb499c1556f7e228a53e64a2bfcebd455f370d8927cb5b59e39"},
    {file = "beautifulsoup4-4.11.2.tar.gz", hash = "sha256:bc4bdda6717de5a2987436fb8d72f45dc90dd856bdfd512a1314ce90349a0106"},
]

[package.dependencies]
soupsieve = ">1.2"

[package.extras]
html5lib = ["html5lib"]
lxml = ["lxml"]

[[package]]
name = "blinker"
version = "1.5"
description = "Fast, simple object-to-object and broadcast signaling"
optional = false
python-versions = ">=2.7, !=3.0.*, !=3.1.*, !=3.2.*, !=3.3.*, !=3.4.*"
groups = ["main"]
files = [
    {file = "blinker-1.5-py2.py3-none-any.whl", hash = "sha256:1eb563df6fdbc39eeddc177d953203f99f097e9bf0e2b8f9f3cf18b6ca425e36"},
    {file = "blinker-1.5.tar.gz", hash = "sha256:923e5e2f69c155f2cc42dafbbd70e16e3fde24d2d4aa2ab72fbe386238892462"},
]

[[package]]
name = "cyclic"
version = "1.0.0"
description = "Handle cyclic relations"
optional = false
python-versions = "*"
groups = ["main"]
files = [
    {file = "cyclic-1.0.0-py3-none-any.whl", hash = "sha256:32d8181d7698f426bce6f14f4c3921ef95b6a84af9f96192b59beb05bc00c3ed"},
    {file = "cyclic-1.0.0.tar.gz", hash = "sha256:ecddd56cb831ee3e6b79f61ecb0ad71caee606c507136867782911aa01c3e5eb"},
]

[[package]]
name = "docutils"
version = "0.19"
description = "Docutils -- Python Documentation Utilities"
optional = false
python-versions = ">=3.7"
groups = ["main"]
files = [
    {file = "docutils-0.19-py3-none-any.whl", hash = "sha256:5e1de4d849fee02c63b040a4a3fd567f4ab104defd8a5511fbbc24a8a017efbc"},
    {file = "docutils-0.19.tar.gz", hash = "sha256:33995a6753c30b7f577febfc2c50411fec6aac7f7ffeb7c4cfe5991072dcf9e6"},
]

[[package]]
name = "feedgenerator"
version = "2.0.0"
description = "Standalone version of django.utils.feedgenerator"
optional = false
python-versions = ">=3.6"
groups = ["main"]
files = [
    {file = "feedgenerator-2.0.0-py3-none-any.whl", hash = "sha256:fc4a1e557f56b072d4f9a1b062cc98ea3691133bbd966d85707a7d5629b2e32e"},
    {file = "feedgenerator-2.0.0.tar.gz", hash = "sha256:6836d456b8b0edbc5b6d3a42d1be852cebd43d2f28af4ff51789eb295f1860e2"},
]

[package.dependencies]
pytz = ">=0a"

[[package]]
name = "ghp-import"
version = "2.1.0"
description = "Copy your docs directly to the gh-pages branch."
optional = false
python-versions = "*"
groups = ["main"]
files = [
    {file = "ghp-import-2.1.0.tar.gz", hash = "sha256:9c535c4c61193c2df8871222567d7fd7e5014d835f97dc7b7439069e2413d343"},
    {file = "ghp_import-2.1.0-py3-none-any.whl", hash = "sha256:8337dd7b50877f163d4c0289bc1f1c7f127550241988d568c1db512c4324a619"},
]

[package.dependencies]
python-dateutil = ">=2.8.1"

[package.extras]
dev = ["flake8", "markdown", "twine", "wheel"]

[[package]]
name = "gitdb"
version = "4.0.10"
description = "Git Object Database"
optional = false
python-versions = ">=3.7"
groups = ["main"]
files = [
    {file = "gitdb-4.0.10-py3-none-any.whl", hash = "sha256:c286cf298426064079ed96a9e4a9d39e7f3e9bf15ba60701e95f5492f28415c7"},
    {file = "gitdb-4.0.10.tar.gz", hash = "sha256:6eb990b69df4e15bad899ea868dc46572c3f75339735663b81de79b06f17eb9a"},
]

[package.dependencies]
smmap = ">=3.0.1,<6"

[[package]]
name = "gitpython"
version = "3.1.30"
description = "GitPython is a python library used to interact with Git repositories"
optional = false
python-versions = ">=3.7"
groups = ["main"]
files = [
    {file = "GitPython-3.1.30-py3-none-any.whl", hash = "sha256:cd455b0000615c60e286208ba540271af9fe531fa6a87cc590a7298785ab2882"},
    {file = "GitPython-3.1.30.tar.gz", hash = "sha256:769c2d83e13f5d938b7688479da374c4e3d49f71549aaf462b646db9602ea6f8"},
]

[package.dependencies]
gitdb = ">=4.0.1,<5"

[[package]]
name = "html5lib"
version = "1.1"
description = "HTML parser based on the WHATWG HTML specification"
optional = false
python-versions = ">=2.7, !=3.0.*, !=3.1.*, !=3.2.*, !=3.3.*, !=3.4.*"
groups = ["main"]
files = [
    {file = "html5lib-1.1-py2.py3-none-any.whl", hash = "sha256:0d78f8fde1c230e99fe37986a60526d7049ed4bf8a9fadbad5f00e22e58e041d"},
    {file = "html5lib-1.1.tar.gz", hash = "sha256:b2e5b40261e20f354d198eae92afc10d750afb487ed5e50f9c4eaf07c184146f"},
]

[package.dependencies]
six = ">=1.9"
webencodings = "*"

[package.extras]
all = ["chardet (>=2.2)", "genshi", "lxml"]
chardet = ["chardet (>=2.2)"]
genshi = ["genshi"]
lxml = ["lxml"]

[[package]]
name = "invoke"
version = "1.7.3"
description = "Pythonic task execution"
optional = false
python-versions = "*"
groups = ["main"]
files = [
    {file = "invoke-1.7.3-py3-none-any.whl", hash = "sha256:d9694a865764dd3fd91f25f7e9a97fb41666e822bbb00e670091e3f43933574d"},
    {file = "invoke-1.7.3.tar.gz", hash = "sha256:41b428342d466a82135d5ab37119685a989713742be46e42a3a399d685579314"},
]

[[package]]
name = "jinja2"
version = "3.1.2"
description = "A very fast and expressive template engine."
optional = false
python-versions = ">=3.7"
groups = ["main"]
files = [
    {file = "Jinja2-3.1.2-py3-none-any.whl", hash = "sha256:6088930bfe239f0e6710546ab9c19c9ef35e29792895fed6e6e31a023a182a61"},
    {file = "Jinja2-3.1.2.tar.gz", hash = "sha256:31351a702a408a9e7595a8fc6150fc3f43bb6bf7e319770cbc0db9df9437e852"},
]

[package.dependencies]
MarkupSafe = ">=2.0"

[package.extras]
i18n = ["Babel (>=2.7)"]

[[package]]
name = "markdown"
version = "3.4.1"
description = "Python implementation of Markdown."
optional = false
python-versions = ">=3.7"
groups = ["main"]
files = [
    {file = "Markdown-3.4.1-py3-none-any.whl", hash = "sha256:08fb8465cffd03d10b9dd34a5c3fea908e20391a2a90b88d66362cb05beed186"},
    {file = "Markdown-3.4.1.tar.gz", hash = "sha256:3b809086bb6efad416156e00a0da66fe47618a5d6918dd688f53f40c8e4cfeff"},
]

[package.extras]
testing = ["coverage", "pyyaml"]

[[package]]
name = "markdown-it-py"
version = "2.1.0"
description = "Python port of markdown-it. Markdown parsing, done right!"
optional = false
python-versions = ">=3.7"
groups = ["main"]
files = [
    {file = "markdown-it-py-2.1.0.tar.gz", hash = "sha256:cf7e59fed14b5ae17c0006eff14a2d9a00ed5f3a846148153899a0224e2c07da"},
    {file = "markdown_it_py-2.1.0-py3-none-any.whl", hash = "sha256:93de681e5c021a432c63147656fe21790bc01231e0cd2da73626f1aa3ac0fe27"},
]

[package.dependencies]
mdurl = ">=0.1,<1.0"

[package.extras]
benchmarking = ["psutil", "pytest", "pytest-benchmark (>=3.2,<4.0)"]
code-style = ["pre-commit (==2.6)"]
compare = ["commonmark (>=0.9.1,<0.10.0)", "markdown (>=3.3.6,<3.4.0)", "mistletoe (>=0.8.1,<0.9.0)", "mistune (>=2.0.2,<2.1.0)", "panflute (>=2.1.3,<2.2.0)"]
linkify = ["linkify-it-py (>=1.0,<2.0)"]
plugins = ["mdit-py-plugins"]
profiling = ["gprof2dot"]
rtd = ["attrs", "myst-parser", "pyyaml", "sphinx", "sphinx-copybutton", "sphinx-design", "sphinx_book_theme"]
testing = ["coverage", "pytest", "pytest-cov", "pytest-regressions"]

[[package]]
name = "markupsafe"
version = "2.1.2"
description = "Safely add untrusted strings to HTML/XML markup."
optional = false
python-versions = ">=3.7"
groups = ["main"]
files = [
    {file = "MarkupSafe-2.1.2-cp310-cp310-macosx_10_9_universal2.whl", hash = "sha256:665a36ae6f8f20a4676b53224e33d456a6f5a72657d9c83c2aa00765072f31f7"},
    {file = "MarkupSafe-2.1.2-cp310-cp310-macosx_10_9_x86_64.whl", hash = "sha256:340bea174e9761308703ae988e982005aedf427de816d1afe98147668cc03036"},
    {file = "MarkupSafe-2.1.2-cp310-cp310-manylinux_2_17_aarch64.manylinux2014_aarch64.whl", hash = "sha256:22152d00bf4a9c7c83960521fc558f55a1adbc0631fbb00a9471e097b19d72e1"},
    {file = "MarkupSafe-2.1.2-cp310-cp310-manylinux_2_17_x86_64.manylinux2014_x86_64.whl", hash = "sha256:28057e985dace2f478e042eaa15606c7efccb700797660629da387eb289b9323"},
    {file = "MarkupSafe-2.1.2-cp310-cp310-manylinux_2_5_i686.manylinux1_i686.manylinux_2_17_i686.manylinux2014_i686.whl", hash = "sha256:ca244fa73f50a800cf8c3ebf7fd93149ec37f5cb9596aa8873ae2c1d23498601"},
    {file = "MarkupSafe-2.1.2-cp310-cp310-musllinux_1_1_aarch64.whl", hash = "sha256:d9d971ec1e79906046aa3ca266de79eac42f1dbf3612a05dc9368125952bd1a1"},
    {file = "MarkupSafe-2.1.2-cp310-cp310-musllinux_1_1_i686.whl", hash = "sha256:7e007132af78ea9df29495dbf7b5824cb71648d7133cf7848a2a5dd00d36f9ff"},
    {file = "MarkupSafe-2.1.2-cp310-cp310-musllinux_1_1_x86_64.whl", hash = "sha256:7313ce6a199651c4ed9d7e4cfb4aa56fe923b1adf9af3b420ee14e6d9a73df65"},
    {file = "MarkupSafe-2.1.2-cp310-cp310-win32.whl", hash = "sha256:c4a549890a45f57f1ebf99c067a4ad0cb423a05544accaf2b065246827ed9603"},
    {file = "MarkupSafe-2.1.2-cp310-cp310-win_amd64.whl", hash = "sha256:835fb5e38fd89328e9c81067fd642b3593c33e1e17e2fdbf77f5676abb14a156"},
    {file = "MarkupSafe-2.1.2-cp311-cp311-macosx_10_9_universal2.whl", hash = "sha256:2ec4f2d48ae59bbb9d1f9d7efb9236ab81429a764dedca114f5fdabbc3788013"},
    {file = "MarkupSafe-2.1.2-cp311-cp311-macosx_10_9_x86_64.whl", hash = "sha256:608e7073dfa9e38a85d38474c082d4281f4ce276ac0010224eaba11e929dd53a"},
    {file = "MarkupSafe-2.1.2-cp311-cp311-manylinux_2_17_aarch64.manylinux2014_aarch64.whl", hash = "sha256:65608c35bfb8a76763f37036547f7adfd09270fbdbf96608be2bead319728fcd"},
    {file = "MarkupSafe-2.1.2-cp311-cp311-manylinux_2_17_x86_64.manylinux2014_x86_64.whl", hash = "sha256:f2bfb563d0211ce16b63c7cb9395d2c682a23187f54c3d79bfec33e6705473c6"},
    {file = "MarkupSafe-2.1.2-cp311-cp311-manylinux_2_5_i686.manylinux1_i686.manylinux_2_17_i686.manylinux2014_i686.whl", hash = "sha256:da25303d91526aac3672ee6d49a2f3db2d9502a4a60b55519feb1a4c7714e07d"},
    {file = "MarkupSafe-2.1.2-cp311-cp311-musllinux_1_1_aarch64.whl", hash = "sha256:9cad97ab29dfc3f0249b483412c85c8ef4766d96cdf9dcf5a1e3caa3f3661cf1"},
    {file = "MarkupSafe-2.1.2-cp311-cp311-musllinux_1_1_i686.whl", hash = "sha256:085fd3201e7b12809f9e6e9bc1e5c96a368c8523fad5afb02afe3c051ae4afcc"},
    {file = "MarkupSafe-2.1.2-cp311-cp311-musllinux_1_1_x86_64.whl", hash = "sha256:1bea30e9bf331f3fef67e0a3877b2288593c98a21ccb2cf29b74c581a4eb3af0"},
    {file = "MarkupSafe-2.1.2-cp311-cp311-win32.whl", hash = "sha256:7df70907e00c970c60b9ef2938d894a9381f38e6b9db73c5be35e59d92e06625"},
    {file = "MarkupSafe-2.1.2-cp311-cp311-win_amd64.whl", hash = "sha256:e55e40ff0cc8cc5c07996915ad367fa47da6b3fc091fdadca7f5403239c5fec3"},
    {file = "MarkupSafe-2.1.2-cp37-cp37m-macosx_10_9_x86_64.whl", hash = "sha256:a6e40afa7f45939ca356f348c8e23048e02cb109ced1eb8420961b2f40fb373a"},
    {file = "MarkupSafe-2.1.2-cp37-cp37m-manylinux_2_17_aarch64.manylinux2014_aarch64.whl", hash = "sha256:cf877ab4ed6e302ec1d04952ca358b381a882fbd9d1b07cccbfd61783561f98a"},
    {file = "MarkupSafe-2.1.2-cp37-cp37m-manylinux_2_17_x86_64.manylinux2014_x86_64.whl", hash = "sha256:63ba06c9941e46fa389d389644e2d8225e0e3e5ebcc4ff1ea8506dce646f8c8a"},
    {file = "MarkupSafe-2.1.2-cp37-cp37m-manylinux_2_5_i686.manylinux1_i686.manylinux_2_17_i686.manylinux2014_i686.whl", hash = "sha256:f1cd098434e83e656abf198f103a8207a8187c0fc110306691a2e94a78d0abb2"},
    {file = "MarkupSafe-2.1.2-cp37-cp37m-musllinux_1_1_aarch64.whl", hash = "sha256:55f44b440d491028addb3b88f72207d71eeebfb7b5dbf0643f7c023ae1fba619"},
    {file = "MarkupSafe-2.1.2-cp37-cp37m-musllinux_1_1_i686.whl", hash = "sha256:a6f2fcca746e8d5910e18782f976489939d54a91f9411c32051b4aab2bd7c513"},
    {file = "MarkupSafe-2.1.2-cp37-cp37m-musllinux_1_1_x86_64.whl", hash = "sha256:0b462104ba25f1ac006fdab8b6a01ebbfbce9ed37fd37fd4acd70c67c973e460"},
    {file = "MarkupSafe-2.1.2-cp37-cp37m-win32.whl", hash = "sha256:7668b52e102d0ed87cb082380a7e2e1e78737ddecdde129acadb0eccc5423859"},
    {file = "MarkupSafe-2.1.2-cp37-cp37m-win_amd64.whl", hash = "sha256:6d6607f98fcf17e534162f0709aaad3ab7a96032723d8ac8750ffe17ae5a0666"},
    {file = "MarkupSafe-2.1.2-cp38-cp38-macosx_10_9_universal2.whl", hash = "sha256:a806db027852538d2ad7555b203300173dd1b77ba116de92da9afbc3a3be3eed"},
    {file = "MarkupSafe-2.1.2-cp38-cp38-macosx_10_9_x86_64.whl", hash = "sha256:a4abaec6ca3ad8660690236d11bfe28dfd707778e2442b45addd2f086d6ef094"},
    {file = "MarkupSafe-2.1.2-cp38-cp38-manylinux_2_17_aarch64.manylinux2014_aarch64.whl", hash = "sha256:f03a532d7dee1bed20bc4884194a16160a2de9ffc6354b3878ec9682bb623c54"},
    {file = "MarkupSafe-2.1.2-cp38-cp38-manylinux_2_17_x86_64.manylinux2014_x86_64.whl", hash = "sha256:4cf06cdc1dda95223e9d2d3c58d3b178aa5dacb35ee7e3bbac10e4e1faacb419"},
    {file = "MarkupSafe-2.1.2-cp38-cp38-manylinux_2_5_i686.manylinux1_i686.manylinux_2_17_i686.manylinux2014_i686.whl", hash = "sha256:22731d79ed2eb25059ae3df1dfc9cb1546691cc41f4e3130fe6bfbc3ecbbecfa"},
    {file = "MarkupSafe-2.1.2-cp38-cp38-musllinux_1_1_aarch64.whl", hash = "sha256:f8ffb705ffcf5ddd0e80b65ddf7bed7ee4f5a441ea7d3419e861a12eaf41af58"},
    {file = "MarkupSafe-2.1.2-cp38-cp38-musllinux_1_1_i686.whl", hash = "sha256:8db032bf0ce9022a8e41a22598eefc802314e81b879ae093f36ce9ddf39ab1ba"},
    {file = "MarkupSafe-2.1.2-cp38-cp38-musllinux_1_1_x86_64.whl", hash = "sha256:2298c859cfc5463f1b64bd55cb3e602528db6fa0f3cfd568d3605c50678f8f03"},
    {file = "MarkupSafe-2.1.2-cp38-cp38-win32.whl", hash = "sha256:50c42830a633fa0cf9e7d27664637532791bfc31c731a87b202d2d8ac40c3ea2"},
    {file = "MarkupSafe-2.1.2-cp38-cp38-win_amd64.whl", hash = "sha256:bb06feb762bade6bf3c8b844462274db0c76acc95c52abe8dbed28ae3d44a147"},
    {file = "MarkupSafe-2.1.2-cp39-cp39-macosx_10_9_universal2.whl", hash = "sha256:99625a92da8229df6d44335e6fcc558a5037dd0a760e11d84be2260e6f37002f"},
    {file = "MarkupSafe-2.1.2-cp39-cp39-macosx_10_9_x86_64.whl", hash = "sha256:8bca7e26c1dd751236cfb0c6c72d4ad61d986e9a41bbf76cb445f69488b2a2bd"},
    {file = "MarkupSafe-2.1.2-cp39-cp39-manylinux_2_17_aarch64.manylinux2014_aarch64.whl", hash = "sha256:40627dcf047dadb22cd25ea7ecfe9cbf3bbbad0482ee5920b582f3809c97654f"},
    {file = "MarkupSafe-2.1.2-cp39-cp39-manylinux_2_17_x86_64.manylinux2014_x86_64.whl", hash = "sha256:40dfd3fefbef579ee058f139733ac336312663c6706d1163b82b3003fb1925c4"},
    {file = "MarkupSafe-2.1.2-cp39-cp39-manylinux_2_5_i686.manylinux1_i686.manylinux_2_17_i686.manylinux2014_i686.whl", hash = "sha256:090376d812fb6ac5f171e5938e82e7f2d7adc2b629101cec0db8b267815c85e2"},
    {file = "MarkupSafe-2.1.2-cp39-cp39-musllinux_1_1_aarch64.whl", hash = "sha256:2e7821bffe00aa6bd07a23913b7f4e01328c3d5cc0b40b36c0bd81d362faeb65"},
    {file = "MarkupSafe-2.1.2-cp39-cp39-musllinux_1_1_i686.whl", hash = "sha256:c0a33bc9f02c2b17c3ea382f91b4db0e6cde90b63b296422a939886a7a80de1c"},
    {file = "MarkupSafe-2.1.2-cp39-cp39-musllinux_1_1_x86_64.whl", hash = "sha256:b8526c6d437855442cdd3d87eede9c425c4445ea011ca38d937db299382e6fa3"},
    {file = "MarkupSafe-2.1.2-cp39-cp39-win32.whl", hash = "sha256:137678c63c977754abe9086a3ec011e8fd985ab90631145dfb9294ad09c102a7"},
    {file = "MarkupSafe-2.1.2-cp39-cp39-win_amd64.whl", hash = "sha256:0576fe974b40a400449768941d5d0858cc624e3249dfd1e0c33674e5c7ca7aed"},
    {file = "MarkupSafe-2.1.2.tar.gz", hash = "sha256:abcabc8c2b26036d62d4c746381a6f7cf60aafcc653198ad678306986b09450d"},
]

[[package]]
name = "mdurl"
version = "0.1.2"
description = "Markdown URL utilities"
optional = false
python-versions = ">=3.7"
groups = ["main"]
files = [
    {file = "mdurl-0.1.2-py3-none-any.whl", hash = "sha256:84008a41e51615a49fc9966191ff91509e3c40b939176e643fd50a5c2196b8f8"},
    {file = "mdurl-0.1.2.tar.gz", hash = "sha256:bb413d29f5eea38f31dd4754dd7377d4465116fb207585f97bf925588687c1ba"},
]

[[package]]
name = "mdx-include"
version = "1.4.2"
description = "Python Markdown extension to include local or remote files"
optional = false
python-versions = "*"
groups = ["main"]
files = [
    {file = "mdx_include-1.4.2-py3-none-any.whl", hash = "sha256:cfbeadd59985f27a9b70cb7ab0a3d209892fe1bb1aa342df055e0b135b3c9f34"},
    {file = "mdx_include-1.4.2.tar.gz", hash = "sha256:992f9fbc492b5cf43f7d8cb4b90b52a4e4c5fdd7fd04570290a83eea5c84f297"},
]

[package.dependencies]
cyclic = "*"
Markdown = ">=2.6"
rcslice = ">=1.1.0"

[[package]]
name = "pelican"
version = "4.8.0"
description = "Static site generator supporting Markdown and reStructuredText"
optional = false
python-versions = ">=3.6,<4.0"
groups = ["main"]
files = [
    {file = "pelican-4.8.0-py3-none-any.whl", hash = "sha256:c80a81930f57f9b1a11c9ab5894ce1465dcda2028c9e4e3993cf9cbf2061a57d"},
    {file = "pelican-4.8.0.tar.gz", hash = "sha256:6445c00cff2142a30592a2de046e5647b84a36c5a0cfafc0eba75abbabb2b4b1"},
]

[package.dependencies]
blinker = ">=1.4"
docutils = ">=0.16"
feedgenerator = ">=1.9"
jinja2 = ">=2.7"
pygments = ">=2.6"
python-dateutil = ">=2.8"
pytz = ">=2020.1"
rich = ">=10.1"
unidecode = ">=1.1"

[package.extras]
markdown = ["markdown (>=3.1)"]

[[package]]
name = "pelican-add-css-classes"
version = "1.0.4"
description = "Adds CSS classes to html tags in Pelican documents"
optional = false
python-versions = ">=3.6,<4.0"
groups = ["main"]
files = [
    {file = "pelican-add-css-classes-1.0.4.tar.gz", hash = "sha256:d021fd293323d68fd53bb00e7a14f25674d77b6d14efef514ea57482a8d95fda"},
    {file = "pelican_add_css_classes-1.0.4-py3-none-any.whl", hash = "sha256:64e51645880638207b402c6fd08a8286bf0db8f5a055bf0561b2d19ce79445a9"},
]

[package.dependencies]
beautifulsoup4 = ">=4.8,<5.0"
pelican = ">=4.2,<5.0"
toml = ">=0.10.0,<0.11.0"

[package.extras]
markdown = ["markdown (>=3.1.1,<4.0.0)"]

[[package]]
name = "pelican-neighbors"
version = "1.2.0"
description = "Neighbors is a Pelican plugin that adds Next/Previous links to articles"
optional = false
python-versions = ">=3.6.2,<4.0"
groups = ["main"]
files = [
    {file = "pelican-neighbors-1.2.0.tar.gz", hash = "sha256:1cbeee08f4d2e135452c044924c3f8e5e39ff083dcfb7485e8eeafdab9d2e445"},
    {file = "pelican_neighbors-1.2.0-py3-none-any.whl", hash = "sha256:963df1d27dd8b34ac7b85320e63184d3f4e396e4570a3d49f5911246387a35bb"},
]

[package.dependencies]
pelican = ">=3,<5"

[package.extras]
markdown = ["markdown (>=3.2,<4.0)"]

[[package]]
name = "pelican-simple-footnotes"
version = "1.0.2"
description = "Pelican plugin to add footnotes to articles and pages"
optional = false
python-versions = ">=3.6,<4.0"
groups = ["main"]
files = [
    {file = "pelican-simple-footnotes-1.0.2.tar.gz", hash = "sha256:29e72a93922795b00dc2f0aa5e2bdfaa56b7dc17ec1c73f287316603f05f2188"},
    {file = "pelican_simple_footnotes-1.0.2-py3-none-any.whl", hash = "sha256:f4af101cf329cb0a46eaa68faad6eb183695ba4427e988828761a70ccfec3a48"},
]

[package.dependencies]
html5lib = ">=1.1,<2.0"
pelican = ">=4.5,<5.0"

[package.extras]
markdown = ["markdown (>=3.2.2,<4.0.0)"]

[[package]]
name = "pelican-sitemap"
version = "1.0.2"
description = "Pelican plugin to generate sitemap in plain-text or XML format"
optional = false
python-versions = ">=3.6,<4.0"
groups = ["main"]
files = [
    {file = "pelican-sitemap-1.0.2.tar.gz", hash = "sha256:464052dbbf3daa7183c531c486e3db872f8f74b5fcc7aa25743b7c9aefbb359a"},
    {file = "pelican_sitemap-1.0.2-py3-none-any.whl", hash = "sha256:ec930ee8182d4b905a4e5732d0b87ad84ee62ee1830b42d1b1f82bcac8e12f2b"},
]

[package.dependencies]
pelican = ">=4.5,<5.0"

[package.extras]
markdown = ["markdown (>=3.2.2,<4.0.0)"]

[[package]]
name = "pelican-webassets"
version = "2.0.0"
description = "Pelican plugin to manage web assets such as CSS and JS files"
optional = false
python-versions = ">=3.6,<4.0"
groups = ["main"]
files = [
    {file = "pelican-webassets-2.0.0.tar.gz", hash = "sha256:d1ef6818534ab742204fc1e35e2d005553c582cb23b170580fb2e2d24deb50f2"},
    {file = "pelican_webassets-2.0.0-py3-none-any.whl", hash = "sha256:b2a123481177784945e0113e5a79c88f1fc832fb9a2bad6fcc08f6f34ac77a76"},
]

[package.dependencies]
pelican = ">=4.5,<5.0"
webassets = ">=2.0,<3.0"

[package.extras]
markdown = ["markdown (>=3.2.2,<4.0.0)"]

[[package]]
name = "pygments"
version = "2.14.0"
description = "Pygments is a syntax highlighting package written in Python."
optional = false
python-versions = ">=3.6"
groups = ["main"]
files = [
    {file = "Pygments-2.14.0-py3-none-any.whl", hash = "sha256:fa7bd7bd2771287c0de303af8bfdfc731f51bd2c6a47ab69d117138893b82717"},
    {file = "Pygments-2.14.0.tar.gz", hash = "sha256:b3ed06a9e8ac9a9aae5a6f5dbe78a8a58655d17b43b93c078f094ddc476ae297"},
]

[package.extras]
plugins = ["importlib-metadata"]

[[package]]
name = "python-dateutil"
version = "2.8.2"
description = "Extensions to the standard Python datetime module"
optional = false
python-versions = "!=3.0.*,!=3.1.*,!=3.2.*,>=2.7"
groups = ["main"]
files = [
    {file = "python-dateutil-2.8.2.tar.gz", hash = "sha256:0123cacc1627ae19ddf3c27a5de5bd67ee4586fbdd6440d9748f8abb483d3e86"},
    {file = "python_dateutil-2.8.2-py2.py3-none-any.whl", hash = "sha256:961d03dc3453ebbc59dbdea9e4e11c5651520a876d0f4db161e8674aae935da9"},
]

[package.dependencies]
six = ">=1.5"

[[package]]
name = "pytz"
version = "2022.7.1"
description = "World timezone definitions, modern and historical"
optional = false
python-versions = "*"
groups = ["main"]
files = [
    {file = "pytz-2022.7.1-py2.py3-none-any.whl", hash = "sha256:78f4f37d8198e0627c5f1143240bb0206b8691d8d7ac6d78fee88b78733f8c4a"},
    {file = "pytz-2022.7.1.tar.gz", hash = "sha256:01a0681c4b9684a28304615eba55d1ab31ae00bf68ec157ec3708a8182dbbcd0"},
]

[[package]]
name = "rcslice"
version = "1.1.0"
description = "Slice a list of sliceables (1 indexed, start and end index both are inclusive)"
optional = false
python-versions = "*"
groups = ["main"]
files = [
    {file = "rcslice-1.1.0-py3-none-any.whl", hash = "sha256:1b12fc0c0ca452e8a9fd2b56ac008162f19e250906a4290a7e7a98be3200c2a6"},
    {file = "rcslice-1.1.0.tar.gz", hash = "sha256:a2ce70a60690eb63e52b722e046b334c3aaec5e900b28578f529878782ee5c6e"},
]

[[package]]
name = "rich"
version = "13.3.1"
description = "Render rich text, tables, progress bars, syntax highlighting, markdown and more to the terminal"
optional = false
python-versions = ">=3.7.0"
groups = ["main"]
files = [
    {file = "rich-13.3.1-py3-none-any.whl", hash = "sha256:8aa57747f3fc3e977684f0176a88e789be314a99f99b43b75d1e9cb5dc6db9e9"},
    {file = "rich-13.3.1.tar.gz", hash = "sha256:125d96d20c92b946b983d0d392b84ff945461e5a06d3867e9f9e575f8697b67f"},
]

[package.dependencies]
markdown-it-py = ">=2.1.0,<3.0.0"
pygments = ">=2.14.0,<3.0.0"

[package.extras]
jupyter = ["ipywidgets (>=7.5.1,<9)"]

[[package]]
name = "six"
version = "1.16.0"
description = "Python 2 and 3 compatibility utilities"
optional = false
python-versions = ">=2.7, !=3.0.*, !=3.1.*, !=3.2.*"
groups = ["main"]
files = [
    {file = "six-1.16.0-py2.py3-none-any.whl", hash = "sha256:8abb2f1d86890a2dfb989f9a77cfcfd3e47c2a354b01111771326f8aa26e0254"},
    {file = "six-1.16.0.tar.gz", hash = "sha256:1e61c37477a1626458e36f7b1d82aa5c9b094fa4802892072e49de9c60c4c926"},
]

[[package]]
name = "smartypants"
version = "2.0.1"
description = "Python with the SmartyPants"
optional = false
python-versions = "*"
groups = ["main"]
files = [
    {file = "smartypants-2.0.1-py2.py3-none-any.whl", hash = "sha256:8db97f7cbdf08d15b158a86037cd9e116b4cf37703d24e0419a0d64ca5808f0d"},
]

[[package]]
name = "smmap"
version = "5.0.0"
description = "A pure Python implementation of a sliding window memory map manager"
optional = false
python-versions = ">=3.6"
groups = ["main"]
files = [
    {file = "smmap-5.0.0-py3-none-any.whl", hash = "sha256:2aba19d6a040e78d8b09de5c57e96207b09ed71d8e55ce0959eeee6c8e190d94"},
    {file = "smmap-5.0.0.tar.gz", hash = "sha256:c840e62059cd3be204b0c9c9f74be2c09d5648eddd4580d9314c3ecde0b30936"},
]

[[package]]
name = "soupsieve"
version = "2.3.2.post1"
description = "A modern CSS selector implementation for Beautiful Soup."
optional = false
python-versions = ">=3.6"
groups = ["main"]
files = [
    {file = "soupsieve-2.3.2.post1-py3-none-any.whl", hash = "sha256:3b2503d3c7084a42b1ebd08116e5f81aadfaea95863628c80a3b774a11b7c759"},
    {file = "soupsieve-2.3.2.post1.tar.gz", hash = "sha256:fc53893b3da2c33de295667a0e19f078c14bf86544af307354de5fcf12a3f30d"},
]

[[package]]
name = "toml"
version = "0.10.2"
description = "Python Library for Tom's Obvious, Minimal Language"
optional = false
python-versions = ">=2.6, !=3.0.*, !=3.1.*, !=3.2.*"
groups = ["main"]
files = [
    {file = "toml-0.10.2-py2.py3-none-any.whl", hash = "sha256:806143ae5bfb6a3c6e736a764057db0e6a0e05e338b5630894a5f779cabb4f9b"},
    {file = "toml-0.10.2.tar.gz", hash = "sha256:b3bda1d108d5dd99f4a20d24d9c348e91c4db7ab1b749200bded2f839ccbe68f"},
]

[[package]]
name = "typogrify"
version = "2.0.7"
description = "Filters to enhance web typography, including support for Django & Jinja templates"
optional = false
python-versions = "*"
groups = ["main"]
files = [
    {file = "typogrify-2.0.7.tar.gz", hash = "sha256:8be4668cda434163ce229d87ca273a11922cb1614cb359970b7dc96eed13cb38"},
]

[package.dependencies]
smartypants = ">=1.8.3"

[[package]]
name = "unidecode"
version = "1.3.6"
description = "ASCII transliterations of Unicode text"
optional = false
python-versions = ">=3.5"
groups = ["main"]
files = [
    {file = "Unidecode-1.3.6-py3-none-any.whl", hash = "sha256:547d7c479e4f377b430dd91ac1275d593308dce0fc464fb2ab7d41f82ec653be"},
    {file = "Unidecode-1.3.6.tar.gz", hash = "sha256:fed09cf0be8cf415b391642c2a5addfc72194407caee4f98719e40ec2a72b830"},
]

[[package]]
name = "webassets"
version = "2.0"
description = "Media asset management for Python, with glue code for various web frameworks"
optional = false
python-versions = "*"
groups = ["main"]
files = [
    {file = "webassets-2.0-py3-none-any.whl", hash = "sha256:a31a55147752ba1b3dc07dee0ad8c8efff274464e08bbdb88c1fd59ffd552724"},
    {file = "webassets-2.0.tar.gz", hash = "sha256:167132337677c8cedc9705090f6d48da3fb262c8e0b2773b29f3352f050181cd"},
]

[[package]]
name = "webencodings"
version = "0.5.1"
description = "Character encoding aliases for legacy web content"
optional = false
python-versions = "*"
groups = ["main"]
files = [
    {file = "webencodings-0.5.1-py2.py3-none-any.whl", hash = "sha256:a0af1213f3c2226497a97e2b3aa01a7e4bee4f403f95be16fc9acd2947514a78"},
    {file = "webencodings-0.5.1.tar.gz", hash = "sha256:b36a1c245f2d304965eb4e0a82848379241dc04b865afcc4aab16748587e1923"},
]

[metadata]
lock-version = "2.1"
python-versions = "^3.11"
content-hash = "55294c5fbfc7d60c24a8a18ce679eafa694a44611d1a8551f37fe7903051bcc4"
